
Microsoft Visual Studio Solution File, Format Version 12.00
# Visual Studio 14
VisualStudioVersion = 14.0.25420.1
MinimumVisualStudioVersion = 10.0.40219.1
Project("{FAE04EC0-301F-11D3-BF4B-00C04F79EFBC}") = "Tn3270PlusDdeClient", "Tn3270PlusDdeClient\Tn3270PlusDdeClient.csproj", "{6C5A6A48-6400-40F9-B3BC-63C2D0C60C7A}"
EndProject
Project("{FAE04EC0-301F-11D3-BF4B-00C04F79EFBC}") = "NDde", "ndde\Source\NDde\NDde.csproj", "{D77772F9-3D3D-40BA-B95F-05C45878078F}"
EndProject
Project("{FAE04EC0-301F-11D3-BF4B-00C04F79EFBC}") = "Tn3270PlusDdeClient.UnitTest", "Tn3270PlusDdeClient.UnitTest\Tn3270PlusDdeClient.UnitTest.csproj", "{8B1D08F0-91A4-417B-9274-BB5BA8ACF618}"
EndProject
Project("{2150E333-8FDC-42A3-9474-1A3956D46DE8}") = "Solution Items", "Solution Items", "{DF11752A-0E71-476A-B251-F4B697755614}"
	ProjectSection(SolutionItems) = preProject
		README.md = README.md
	EndProjectSection
EndProject
Global
	GlobalSection(SolutionConfigurationPlatforms) = preSolution
		Debug|Any CPU = Debug|Any CPU
		Release|Any CPU = Release|Any CPU
	EndGlobalSection
	GlobalSection(ProjectConfigurationPlatforms) = postSolution
		{6C5A6A48-6400-40F9-B3BC-63C2D0C60C7A}.Debug|Any CPU.ActiveCfg = Debug|Any CPU
		{6C5A6A48-6400-40F9-B3BC-63C2D0C60C7A}.Debug|Any CPU.Build.0 = Debug|Any CPU
		{6C5A6A48-6400-40F9-B3BC-63C2D0C60C7A}.Release|Any CPU.ActiveCfg = Release|Any CPU
		{6C5A6A48-6400-40F9-B3BC-63C2D0C60C7A}.Release|Any CPU.Build.0 = Release|Any CPU
		{D77772F9-3D3D-40BA-B95F-05C45878078F}.Debug|Any CPU.ActiveCfg = Debug|Any CPU
		{D77772F9-3D3D-40BA-B95F-05C45878078F}.Debug|Any CPU.Build.0 = Debug|Any CPU
		{D77772F9-3D3D-40BA-B95F-05C45878078F}.Release|Any CPU.ActiveCfg = Release|Any CPU
		{D77772F9-3D3D-40BA-B95F-05C45878078F}.Release|Any CPU.Build.0 = Release|Any CPU
		{8B1D08F0-91A4-417B-9274-BB5BA8ACF618}.Debug|Any CPU.ActiveCfg = Debug|Any CPU
		{8B1D08F0-91A4-417B-9274-BB5BA8ACF618}.Debug|Any CPU.Build.0 = Debug|Any CPU
		{8B1D08F0-91A4-417B-9274-BB5BA8ACF618}.Release|Any CPU.ActiveCfg = Release|Any CPU
		{8B1D08F0-91A4-417B-9274-BB5BA8ACF618}.Release|Any CPU.Build.0 = Release|Any CPU
	EndGlobalSection
	GlobalSection(SolutionProperties) = preSolution
		HideSolutionNode = FALSE
	EndGlobalSection
EndGlobal
